
Microsoft Visual Studio Solution File, Format Version 12.00
# Visual Studio Version 16
VisualStudioVersion = 16.0.30804.86
MinimumVisualStudioVersion = 10.0.40219.1
Project("{FAE04EC0-301F-11D3-BF4B-00C04F79EFBC}") = "AspDotNetCoreWebAPIJSONWebToken", "AspDotNetCoreWebAPIJSONWebToken\AspDotNetCoreWebAPIJSONWebToken.csproj", "{14223FCF-9E59-480C-8C99-FFD10BADB339}"
EndProject
Global
	GlobalSection(SolutionConfigurationPlatforms) = preSolution
		Debug|Any CPU = Debug|Any CPU
		Release|Any CPU = Release|Any CPU
	EndGlobalSection
	GlobalSection(ProjectConfigurationPlatforms) = postSolution
		{14223FCF-9E59-480C-8C99-FFD10BADB339}.Debug|Any CPU.ActiveCfg = Debug|Any CPU
		{14223FCF-9E59-480C-8C99-FFD10BADB339}.Debug|Any CPU.Build.0 = Debug|Any CPU
		{14223FCF-9E59-480C-8C99-FFD10BADB339}.Release|Any CPU.ActiveCfg = Release|Any CPU
		{14223FCF-9E59-480C-8C99-FFD10BADB339}.Release|Any CPU.Build.0 = Release|Any CPU
	EndGlobalSection
	GlobalSection(SolutionProperties) = preSolution
		HideSolutionNode = FALSE
	EndGlobalSection
	GlobalSection(ExtensibilityGlobals) = postSolution
		SolutionGuid = {10DD5612-12B7-4D2A-AB43-8FF2E953ACB9}
	EndGlobalSection
EndGlobal
